
Microsoft Visual Studio Solution File, Format Version 12.00
# Visual Studio Version 17
VisualStudioVersion = 17.13.35806.99
MinimumVisualStudioVersion = 10.0.40219.1
Project("{2150E333-8FDC-42A3-9474-1A3956D46DE8}") = "DDD", "DDD", "{02EA681E-C7D8-13C7-8484-4AC65E1B71E8}"
EndProject
Project("{2150E333-8FDC-42A3-9474-1A3956D46DE8}") = "Layered", "Layered", "{0C51ED6B-E7B7-4318-9FAF-E05F68C2958A}"
EndProject
Project("{2150E333-8FDC-42A3-9474-1A3956D46DE8}") = "Microservice", "Microservice", "{21AB8D6A-2C22-44F1-BFC9-864A2BD664FC}"
EndProject
Project("{2150E333-8FDC-42A3-9474-1A3956D46DE8}") = "Hexagonal", "Hexagonal", "{9C868C05-BF8A-4267-BFB9-23D75E5A824A}"
EndProject
Project("{2150E333-8FDC-42A3-9474-1A3956D46DE8}") = "EDA", "EDA", "{F759FA49-8B7B-47AB-8373-C73B90132094}"
EndProject
Project("{2150E333-8FDC-42A3-9474-1A3956D46DE8}") = "Serverless", "Serverless", "{8E2599A4-4F73-43E7-B5B4-78165C1DCE40}"
EndProject
Project("{FAE04EC0-301F-11D3-BF4B-00C04F79EFBC}") = "Serverless", "Serverless\Serverless.csproj", "{CC4B2510-9441-4C4E-B988-D8A64CD48840}"
EndProject
Project("{FAE04EC0-301F-11D3-BF4B-00C04F79EFBC}") = "Layered", "Layered\Layered.csproj", "{62E9AA1A-1079-421A-AA09-5A8BFCA9C51C}"
EndProject
Project("{FAE04EC0-301F-11D3-BF4B-00C04F79EFBC}") = "DDD", "DDD\DDD\DDD.csproj", "{F4422E8F-054B-1C05-CEE9-BF43C95A77F5}"
EndProject
Project("{FAE04EC0-301F-11D3-BF4B-00C04F79EFBC}") = "DDD.Application", "DDD\DDD.Application\DDD.Application.csproj", "{8F461427-0B77-5390-D0CB-F1F958F3C905}"
EndProject
Project("{FAE04EC0-301F-11D3-BF4B-00C04F79EFBC}") = "DDD.Domain", "DDD\DDD.Domain\DDD.Domain.csproj", "{8FA101C6-7152-6E43-AF03-B64337947D44}"
EndProject
Project("{FAE04EC0-301F-11D3-BF4B-00C04F79EFBC}") = "DDD.Infra", "DDD\DDD.Infra\DDD.Infra.csproj", "{850139C1-F425-DCA3-3DF4-BF8C4A3326C9}"
EndProject
Project("{FAE04EC0-301F-11D3-BF4B-00C04F79EFBC}") = "EDA.Consumer", "EDA\EDA.Consumer\EDA.Consumer.csproj", "{00C098DA-E619-D33A-3771-BE2AE87E316B}"
EndProject
Project("{FAE04EC0-301F-11D3-BF4B-00C04F79EFBC}") = "EDA.Publisher", "EDA\EDA.Publisher\EDA.Publisher.csproj", "{70B0487B-C305-492F-338B-3303CA81F0CE}"
EndProject
Project("{FAE04EC0-301F-11D3-BF4B-00C04F79EFBC}") = "Hexagonal.Domain", "Hexagonal\Hexagonal.Domain\Hexagonal.Domain.csproj", "{313FE6F1-CFF5-99F9-E561-1A5814888CF2}"
EndProject
Project("{FAE04EC0-301F-11D3-BF4B-00C04F79EFBC}") = "Hexagonal.Service", "Hexagonal\Hexagonal.Service\Hexagonal.Service.csproj", "{EC3274A6-BB2F-132E-B100-FA340CC585D5}"
EndProject
Project("{FAE04EC0-301F-11D3-BF4B-00C04F79EFBC}") = "Microservice.Anime", "Microservice\Microservice.Anime\Microservice.Anime.csproj", "{F0CC9E9E-72F3-CCD7-B66F-EE622D150850}"
EndProject
Project("{FAE04EC0-301F-11D3-BF4B-00C04F79EFBC}") = "Microservice.Movie", "Microservice\Microservice.Movie\Microservice.Movie.csproj", "{97AB8A1F-32E5-A9B3-3B76-FCD49DBD9D79}"
EndProject
Global
	GlobalSection(SolutionConfigurationPlatforms) = preSolution
		Debug|Any CPU = Debug|Any CPU
		Release|Any CPU = Release|Any CPU
	EndGlobalSection
	GlobalSection(ProjectConfigurationPlatforms) = postSolution
		{CC4B2510-9441-4C4E-B988-D8A64CD48840}.Debug|Any CPU.ActiveCfg = Debug|Any CPU
		{CC4B2510-9441-4C4E-B988-D8A64CD48840}.Debug|Any CPU.Build.0 = Debug|Any CPU
		{CC4B2510-9441-4C4E-B988-D8A64CD48840}.Release|Any CPU.ActiveCfg = Release|Any CPU
		{CC4B2510-9441-4C4E-B988-D8A64CD48840}.Release|Any CPU.Build.0 = Release|Any CPU
		{62E9AA1A-1079-421A-AA09-5A8BFCA9C51C}.Debug|Any CPU.ActiveCfg = Debug|Any CPU
		{62E9AA1A-1079-421A-AA09-5A8BFCA9C51C}.Debug|Any CPU.Build.0 = Debug|Any CPU
		{62E9AA1A-1079-421A-AA09-5A8BFCA9C51C}.Release|Any CPU.ActiveCfg = Release|Any CPU
		{62E9AA1A-1079-421A-AA09-5A8BFCA9C51C}.Release|Any CPU.Build.0 = Release|Any CPU
		{F4422E8F-054B-1C05-CEE9-BF43C95A77F5}.Debug|Any CPU.ActiveCfg = Debug|Any CPU
		{F4422E8F-054B-1C05-CEE9-BF43C95A77F5}.Debug|Any CPU.Build.0 = Debug|Any CPU
		{F4422E8F-054B-1C05-CEE9-BF43C95A77F5}.Release|Any CPU.ActiveCfg = Release|Any CPU
		{F4422E8F-054B-1C05-CEE9-BF43C95A77F5}.Release|Any CPU.Build.0 = Release|Any CPU
		{8F461427-0B77-5390-D0CB-F1F958F3C905}.Debug|Any CPU.ActiveCfg = Debug|Any CPU
		{8F461427-0B77-5390-D0CB-F1F958F3C905}.Debug|Any CPU.Build.0 = Debug|Any CPU
		{8F461427-0B77-5390-D0CB-F1F958F3C905}.Release|Any CPU.ActiveCfg = Release|Any CPU
		{8F461427-0B77-5390-D0CB-F1F958F3C905}.Release|Any CPU.Build.0 = Release|Any CPU
		{8FA101C6-7152-6E43-AF03-B64337947D44}.Debug|Any CPU.ActiveCfg = Debug|Any CPU
		{8FA101C6-7152-6E43-AF03-B64337947D44}.Debug|Any CPU.Build.0 = Debug|Any CPU
		{8FA101C6-7152-6E43-AF03-B64337947D44}.Release|Any CPU.ActiveCfg = Release|Any CPU
		{8FA101C6-7152-6E43-AF03-B64337947D44}.Release|Any CPU.Build.0 = Release|Any CPU
		{850139C1-F425-DCA3-3DF4-BF8C4A3326C9}.Debug|Any CPU.ActiveCfg = Debug|Any CPU
		{850139C1-F425-DCA3-3DF4-BF8C4A3326C9}.Debug|Any CPU.Build.0 = Debug|Any CPU
		{850139C1-F425-DCA3-3DF4-BF8C4A3326C9}.Release|Any CPU.ActiveCfg = Release|Any CPU
		{850139C1-F425-DCA3-3DF4-BF8C4A3326C9}.Release|Any CPU.Build.0 = Release|Any CPU
		{00C098DA-E619-D33A-3771-BE2AE87E316B}.Debug|Any CPU.ActiveCfg = Debug|Any CPU
		{00C098DA-E619-D33A-3771-BE2AE87E316B}.Debug|Any CPU.Build.0 = Debug|Any CPU
		{00C098DA-E619-D33A-3771-BE2AE87E316B}.Release|Any CPU.ActiveCfg = Release|Any CPU
		{00C098DA-E619-D33A-3771-BE2AE87E316B}.Release|Any CPU.Build.0 = Release|Any CPU
		{70B0487B-C305-492F-338B-3303CA81F0CE}.Debug|Any CPU.ActiveCfg = Debug|Any CPU
		{70B0487B-C305-492F-338B-3303CA81F0CE}.Debug|Any CPU.Build.0 = Debug|Any CPU
		{70B0487B-C305-492F-338B-3303CA81F0CE}.Release|Any CPU.ActiveCfg = Release|Any CPU
		{70B0487B-C305-492F-338B-3303CA81F0CE}.Release|Any CPU.Build.0 = Release|Any CPU
		{313FE6F1-CFF5-99F9-E561-1A5814888CF2}.Debug|Any CPU.ActiveCfg = Debug|Any CPU
		{313FE6F1-CFF5-99F9-E561-1A5814888CF2}.Debug|Any CPU.Build.0 = Debug|Any CPU
		{313FE6F1-CFF5-99F9-E561-1A5814888CF2}.Release|Any CPU.ActiveCfg = Release|Any CPU
		{313FE6F1-CFF5-99F9-E561-1A5814888CF2}.Release|Any CPU.Build.0 = Release|Any CPU
		{EC3274A6-BB2F-132E-B100-FA340CC585D5}.Debug|Any CPU.ActiveCfg = Debug|Any CPU
		{EC3274A6-BB2F-132E-B100-FA340CC585D5}.Debug|Any CPU.Build.0 = Debug|Any CPU
		{EC3274A6-BB2F-132E-B100-FA340CC585D5}.Release|Any CPU.ActiveCfg = Release|Any CPU
		{EC3274A6-BB2F-132E-B100-FA340CC585D5}.Release|Any CPU.Build.0 = Release|Any CPU
		{F0CC9E9E-72F3-CCD7-B66F-EE622D150850}.Debug|Any CPU.ActiveCfg = Debug|Any CPU
		{F0CC9E9E-72F3-CCD7-B66F-EE622D150850}.Debug|Any CPU.Build.0 = Debug|Any CPU
		{F0CC9E9E-72F3-CCD7-B66F-EE622D150850}.Release|Any CPU.ActiveCfg = Release|Any CPU
		{F0CC9E9E-72F3-CCD7-B66F-EE622D150850}.Release|Any CPU.Build.0 = Release|Any CPU
		{97AB8A1F-32E5-A9B3-3B76-FCD49DBD9D79}.Debug|Any CPU.ActiveCfg = Debug|Any CPU
		{97AB8A1F-32E5-A9B3-3B76-FCD49DBD9D79}.Debug|Any CPU.Build.0 = Debug|Any CPU
		{97AB8A1F-32E5-A9B3-3B76-FCD49DBD9D79}.Release|Any CPU.ActiveCfg = Release|Any CPU
		{97AB8A1F-32E5-A9B3-3B76-FCD49DBD9D79}.Release|Any CPU.Build.0 = Release|Any CPU
	EndGlobalSection
	GlobalSection(SolutionProperties) = preSolution
		HideSolutionNode = FALSE
	EndGlobalSection
	GlobalSection(NestedProjects) = preSolution
		{CC4B2510-9441-4C4E-B988-D8A64CD48840} = {8E2599A4-4F73-43E7-B5B4-78165C1DCE40}
		{62E9AA1A-1079-421A-AA09-5A8BFCA9C51C} = {0C51ED6B-E7B7-4318-9FAF-E05F68C2958A}
		{F4422E8F-054B-1C05-CEE9-BF43C95A77F5} = {02EA681E-C7D8-13C7-8484-4AC65E1B71E8}
		{8F461427-0B77-5390-D0CB-F1F958F3C905} = {02EA681E-C7D8-13C7-8484-4AC65E1B71E8}
		{8FA101C6-7152-6E43-AF03-B64337947D44} = {02EA681E-C7D8-13C7-8484-4AC65E1B71E8}
		{850139C1-F425-DCA3-3DF4-BF8C4A3326C9} = {02EA681E-C7D8-13C7-8484-4AC65E1B71E8}
		{00C098DA-E619-D33A-3771-BE2AE87E316B} = {F759FA49-8B7B-47AB-8373-C73B90132094}
		{70B0487B-C305-492F-338B-3303CA81F0CE} = {F759FA49-8B7B-47AB-8373-C73B90132094}
		{313FE6F1-CFF5-99F9-E561-1A5814888CF2} = {9C868C05-BF8A-4267-BFB9-23D75E5A824A}
		{EC3274A6-BB2F-132E-B100-FA340CC585D5} = {9C868C05-BF8A-4267-BFB9-23D75E5A824A}
		{F0CC9E9E-72F3-CCD7-B66F-EE622D150850} = {21AB8D6A-2C22-44F1-BFC9-864A2BD664FC}
		{97AB8A1F-32E5-A9B3-3B76-FCD49DBD9D79} = {21AB8D6A-2C22-44F1-BFC9-864A2BD664FC}
	EndGlobalSection
	GlobalSection(ExtensibilityGlobals) = postSolution
		SolutionGuid = {16F9ED56-AFCA-4400-987D-381D0F122FB6}
	EndGlobalSection
EndGlobal
